// !$*UTF8*$!
{
	archiveVersion = 1;
	classes = {
	};
	objectVersion = 50;
	objects = {

/* Begin PBXBuildFile section */
		AC14858F23F4722D00C89923 /* AppDelegate.swift in Sources */ = {isa = PBXBuildFile; fileRef = AC14858E23F4722D00C89923 /* AppDelegate.swift */; };
		AC14859823F4722F00C89923 /* Assets.xcassets in Resources */ = {isa = PBXBuildFile; fileRef = AC14859723F4722F00C89923 /* Assets.xcassets */; };
		AC14859B23F4722F00C89923 /* LaunchScreen.storyboard in Resources */ = {isa = PBXBuildFile; fileRef = AC14859923F4722F00C89923 /* LaunchScreen.storyboard */; };
		AC1485B123F4763900C89923 /* README.md in Resources */ = {isa = PBXBuildFile; fileRef = AC1485B023F4763900C89923 /* README.md */; };
		AC1485FC23F47EA000C89923 /* FruitKit.framework in Frameworks */ = {isa = PBXBuildFile; fileRef = AC1485FB23F47EA000C89923 /* FruitKit.framework */; };
		AC1485FD23F47EA000C89923 /* FruitKit.framework in Embed Frameworks */ = {isa = PBXBuildFile; fileRef = AC1485FB23F47EA000C89923 /* FruitKit.framework */; settings = {ATTRIBUTES = (CodeSignOnCopy, RemoveHeadersOnCopy, ); }; };
		AC14862023F4922800C89923 /* FruitListViewModel.swift in Sources */ = {isa = PBXBuildFile; fileRef = AC14861F23F4922800C89923 /* FruitListViewModel.swift */; };
		AC14862223F4933000C89923 /* FruitCellViewModel.swift in Sources */ = {isa = PBXBuildFile; fileRef = AC14862123F4933000C89923 /* FruitCellViewModel.swift */; };
		AC14862523F4946300C89923 /* FruitListViewModelTests.swift in Sources */ = {isa = PBXBuildFile; fileRef = AC14862423F4946300C89923 /* FruitListViewModelTests.swift */; };
		AC14862823F4C2A900C89923 /* FruitListViewController.swift in Sources */ = {isa = PBXBuildFile; fileRef = AC14862723F4C2A900C89923 /* FruitListViewController.swift */; };
		AC14862A23F4C2EC00C89923 /* FruitCell.swift in Sources */ = {isa = PBXBuildFile; fileRef = AC14862923F4C2EC00C89923 /* FruitCell.swift */; };
		AC14862D23F4C34300C89923 /* UIView+LayoutExtensions.swift in Sources */ = {isa = PBXBuildFile; fileRef = AC14862C23F4C34300C89923 /* UIView+LayoutExtensions.swift */; };
		AC14863123F4CDE200C89923 /* ShowFruitCoordinator.swift in Sources */ = {isa = PBXBuildFile; fileRef = AC14863023F4CDE200C89923 /* ShowFruitCoordinator.swift */; };
		AC14863423F4D6C700C89923 /* FruitDetailsViewModelTests.swift in Sources */ = {isa = PBXBuildFile; fileRef = AC14863323F4D6C700C89923 /* FruitDetailsViewModelTests.swift */; };
		AC14863623F4D6E000C89923 /* FruitDetailsViewModel.swift in Sources */ = {isa = PBXBuildFile; fileRef = AC14863523F4D6E000C89923 /* FruitDetailsViewModel.swift */; };
		AC14863923F4D9C300C89923 /* FruitDetailsViewController.swift in Sources */ = {isa = PBXBuildFile; fileRef = AC14863823F4D9C300C89923 /* FruitDetailsViewController.swift */; };
		AC14863B23F4DFBC00C89923 /* CanvasPreviewHelpers.swift in Sources */ = {isa = PBXBuildFile; fileRef = AC14863A23F4DFBC00C89923 /* CanvasPreviewHelpers.swift */; };
		AC14864023F4ECDE00C89923 /* WeightFormatter.swift in Sources */ = {isa = PBXBuildFile; fileRef = AC14863F23F4ECDE00C89923 /* WeightFormatter.swift */; };
		AC14864423F4ED5000C89923 /* FormatterTests.swift in Sources */ = {isa = PBXBuildFile; fileRef = AC14864323F4ED5000C89923 /* FormatterTests.swift */; };
		AC14864623F4F36D00C89923 /* PriceFormatter.swift in Sources */ = {isa = PBXBuildFile; fileRef = AC14864523F4F36D00C89923 /* PriceFormatter.swift */; };
		AC14864F23F50F5C00C89923 /* BaseViewModel.swift in Sources */ = {isa = PBXBuildFile; fileRef = AC14864E23F50F5C00C89923 /* BaseViewModel.swift */; };
		AC14865123F518FC00C89923 /* MockAnalyticsService.swift in Sources */ = {isa = PBXBuildFile; fileRef = AC14865023F518FC00C89923 /* MockAnalyticsService.swift */; };
		AC14865423F5332D00C89923 /* AccessibleLabel.swift in Sources */ = {isa = PBXBuildFile; fileRef = AC14865323F5332D00C89923 /* AccessibleLabel.swift */; };
/* End PBXBuildFile section */

/* Begin PBXContainerItemProxy section */
		AC1485A223F4723000C89923 /* PBXContainerItemProxy */ = {
			isa = PBXContainerItemProxy;
			containerPortal = AC14858323F4722D00C89923 /* Project object */;
			proxyType = 1;
			remoteGlobalIDString = AC14858A23F4722D00C89923;
			remoteInfo = FruitViewer;
		};
/* End PBXContainerItemProxy section */

/* Begin PBXCopyFilesBuildPhase section */
		AC1485FE23F47EA000C89923 /* Embed Frameworks */ = {
			isa = PBXCopyFilesBuildPhase;
			buildActionMask = 2147483647;
			dstPath = "";
			dstSubfolderSpec = 10;
			files = (
				AC1485FD23F47EA000C89923 /* FruitKit.framework in Embed Frameworks */,
			);
			name = "Embed Frameworks";
			runOnlyForDeploymentPostprocessing = 0;
		};
/* End PBXCopyFilesBuildPhase section */

/* Begin PBXFileReference section */
		AC14858B23F4722D00C89923 /* FruitViewer.app */ = {isa = PBXFileReference; explicitFileType = wrapper.application; includeInIndex = 0; path = FruitViewer.app; sourceTree = BUILT_PRODUCTS_DIR; };
		AC14858E23F4722D00C89923 /* AppDelegate.swift */ = {isa = PBXFileReference; lastKnownFileType = sourcecode.swift; path = AppDelegate.swift; sourceTree = "<group>"; };
		AC14859723F4722F00C89923 /* Assets.xcassets */ = {isa = PBXFileReference; lastKnownFileType = folder.assetcatalog; path = Assets.xcassets; sourceTree = "<group>"; };
		AC14859A23F4722F00C89923 /* Base */ = {isa = PBXFileReference; lastKnownFileType = file.storyboard; name = Base; path = Base.lproj/LaunchScreen.storyboard; sourceTree = "<group>"; };
		AC14859C23F4722F00C89923 /* Info.plist */ = {isa = PBXFileReference; lastKnownFileType = text.plist.xml; path = Info.plist; sourceTree = "<group>"; };
		AC1485A123F4723000C89923 /* FruitViewerTests.xctest */ = {isa = PBXFileReference; explicitFileType = wrapper.cfbundle; includeInIndex = 0; path = FruitViewerTests.xctest; sourceTree = BUILT_PRODUCTS_DIR; };
		AC1485A723F4723000C89923 /* Info.plist */ = {isa = PBXFileReference; lastKnownFileType = text.plist.xml; path = Info.plist; sourceTree = "<group>"; };
		AC1485B023F4763900C89923 /* README.md */ = {isa = PBXFileReference; fileEncoding = 4; lastKnownFileType = net.daringfireball.markdown; path = README.md; sourceTree = "<group>"; };
		AC1485FB23F47EA000C89923 /* FruitKit.framework */ = {isa = PBXFileReference; explicitFileType = wrapper.framework; path = FruitKit.framework; sourceTree = BUILT_PRODUCTS_DIR; };
		AC14861F23F4922800C89923 /* FruitListViewModel.swift */ = {isa = PBXFileReference; lastKnownFileType = sourcecode.swift; path = FruitListViewModel.swift; sourceTree = "<group>"; };
		AC14862123F4933000C89923 /* FruitCellViewModel.swift */ = {isa = PBXFileReference; lastKnownFileType = sourcecode.swift; path = FruitCellViewModel.swift; sourceTree = "<group>"; };
		AC14862423F4946300C89923 /* FruitListViewModelTests.swift */ = {isa = PBXFileReference; lastKnownFileType = sourcecode.swift; path = FruitListViewModelTests.swift; sourceTree = "<group>"; };
		AC14862723F4C2A900C89923 /* FruitListViewController.swift */ = {isa = PBXFileReference; lastKnownFileType = sourcecode.swift; path = FruitListViewController.swift; sourceTree = "<group>"; };
		AC14862923F4C2EC00C89923 /* FruitCell.swift */ = {isa = PBXFileReference; lastKnownFileType = sourcecode.swift; path = FruitCell.swift; sourceTree = "<group>"; };
		AC14862C23F4C34300C89923 /* UIView+LayoutExtensions.swift */ = {isa = PBXFileReference; lastKnownFileType = sourcecode.swift; path = "UIView+LayoutExtensions.swift"; sourceTree = "<group>"; };
		AC14863023F4CDE200C89923 /* ShowFruitCoordinator.swift */ = {isa = PBXFileReference; lastKnownFileType = sourcecode.swift; path = ShowFruitCoordinator.swift; sourceTree = "<group>"; };
		AC14863323F4D6C700C89923 /* FruitDetailsViewModelTests.swift */ = {isa = PBXFileReference; lastKnownFileType = sourcecode.swift; path = FruitDetailsViewModelTests.swift; sourceTree = "<group>"; };
		AC14863523F4D6E000C89923 /* FruitDetailsViewModel.swift */ = {isa = PBXFileReference; lastKnownFileType = sourcecode.swift; path = FruitDetailsViewModel.swift; sourceTree = "<group>"; };
		AC14863823F4D9C300C89923 /* FruitDetailsViewController.swift */ = {isa = PBXFileReference; lastKnownFileType = sourcecode.swift; path = FruitDetailsViewController.swift; sourceTree = "<group>"; };
		AC14863A23F4DFBC00C89923 /* CanvasPreviewHelpers.swift */ = {isa = PBXFileReference; lastKnownFileType = sourcecode.swift; path = CanvasPreviewHelpers.swift; sourceTree = "<group>"; };
		AC14863F23F4ECDE00C89923 /* WeightFormatter.swift */ = {isa = PBXFileReference; lastKnownFileType = sourcecode.swift; path = WeightFormatter.swift; sourceTree = "<group>"; };
		AC14864323F4ED5000C89923 /* FormatterTests.swift */ = {isa = PBXFileReference; lastKnownFileType = sourcecode.swift; path = FormatterTests.swift; sourceTree = "<group>"; };
		AC14864523F4F36D00C89923 /* PriceFormatter.swift */ = {isa = PBXFileReference; lastKnownFileType = sourcecode.swift; path = PriceFormatter.swift; sourceTree = "<group>"; };
		AC14864E23F50F5C00C89923 /* BaseViewModel.swift */ = {isa = PBXFileReference; lastKnownFileType = sourcecode.swift; path = BaseViewModel.swift; sourceTree = "<group>"; };
		AC14865023F518FC00C89923 /* MockAnalyticsService.swift */ = {isa = PBXFileReference; lastKnownFileType = sourcecode.swift; path = MockAnalyticsService.swift; sourceTree = "<group>"; };
		AC14865323F5332D00C89923 /* AccessibleLabel.swift */ = {isa = PBXFileReference; lastKnownFileType = sourcecode.swift; path = AccessibleLabel.swift; sourceTree = "<group>"; };
/* End PBXFileReference section */

/* Begin PBXFrameworksBuildPhase section */
		AC14858823F4722D00C89923 /* Frameworks */ = {
			isa = PBXFrameworksBuildPhase;
			buildActionMask = 2147483647;
			files = (
				AC1485FC23F47EA000C89923 /* FruitKit.framework in Frameworks */,
			);
			runOnlyForDeploymentPostprocessing = 0;
		};
		AC14859E23F4722F00C89923 /* Frameworks */ = {
			isa = PBXFrameworksBuildPhase;
			buildActionMask = 2147483647;
			files = (
			);
			runOnlyForDeploymentPostprocessing = 0;
		};
/* End PBXFrameworksBuildPhase section */

/* Begin PBXGroup section */
		AC14858223F4722D00C89923 = {
			isa = PBXGroup;
			children = (
				AC1485B023F4763900C89923 /* README.md */,
				AC14858D23F4722D00C89923 /* FruitViewer */,
				AC1485A423F4723000C89923 /* FruitViewerTests */,
				AC14858C23F4722D00C89923 /* Products */,
				AC1485FA23F47EA000C89923 /* Frameworks */,
			);
			sourceTree = "<group>";
		};
		AC14858C23F4722D00C89923 /* Products */ = {
			isa = PBXGroup;
			children = (
				AC14858B23F4722D00C89923 /* FruitViewer.app */,
				AC1485A123F4723000C89923 /* FruitViewerTests.xctest */,
			);
			name = Products;
			sourceTree = "<group>";
		};
		AC14858D23F4722D00C89923 /* FruitViewer */ = {
			isa = PBXGroup;
			children = (
				AC14862F23F4CDD400C89923 /* Coordinators */,
				AC14862B23F4C33400C89923 /* Common */,
				AC14862E23F4CCC400C89923 /* FruitDetails */,
				AC14861D23F491F400C89923 /* FruitList */,
				AC14858E23F4722D00C89923 /* AppDelegate.swift */,
				AC14859723F4722F00C89923 /* Assets.xcassets */,
				AC14859923F4722F00C89923 /* LaunchScreen.storyboard */,
				AC14859C23F4722F00C89923 /* Info.plist */,
			);
			path = FruitViewer;
			sourceTree = "<group>";
		};
		AC1485A423F4723000C89923 /* FruitViewerTests */ = {
			isa = PBXGroup;
			children = (
				AC14864123F4ED3A00C89923 /* Common */,
				AC14863223F4D6AD00C89923 /* FruitDetails */,
				AC14862323F4945100C89923 /* FruitList */,
				AC1485A723F4723000C89923 /* Info.plist */,
			);
			path = FruitViewerTests;
			sourceTree = "<group>";
		};
		AC1485FA23F47EA000C89923 /* Frameworks */ = {
			isa = PBXGroup;
			children = (
				AC1485FB23F47EA000C89923 /* FruitKit.framework */,
			);
			name = Frameworks;
			sourceTree = "<group>";
		};
		AC14861D23F491F400C89923 /* FruitList */ = {
			isa = PBXGroup;
			children = (
				AC14862623F4C29900C89923 /* View */,
				AC14861F23F4922800C89923 /* FruitListViewModel.swift */,
				AC14862123F4933000C89923 /* FruitCellViewModel.swift */,
			);
			path = FruitList;
			sourceTree = "<group>";
		};
		AC14862323F4945100C89923 /* FruitList */ = {
			isa = PBXGroup;
			children = (
				AC14862423F4946300C89923 /* FruitListViewModelTests.swift */,
			);
			path = FruitList;
			sourceTree = "<group>";
		};
		AC14862623F4C29900C89923 /* View */ = {
			isa = PBXGroup;
			children = (
				AC14862723F4C2A900C89923 /* FruitListViewController.swift */,
				AC14862923F4C2EC00C89923 /* FruitCell.swift */,
			);
			path = View;
			sourceTree = "<group>";
		};
		AC14862B23F4C33400C89923 /* Common */ = {
			isa = PBXGroup;
			children = (
				AC14865223F5331A00C89923 /* Views */,
				AC14863E23F4EBCA00C89923 /* MeasurementFormatters */,
				AC14862C23F4C34300C89923 /* UIView+LayoutExtensions.swift */,
				AC14863A23F4DFBC00C89923 /* CanvasPreviewHelpers.swift */,
				AC14864E23F50F5C00C89923 /* BaseViewModel.swift */,
			);
			path = Common;
			sourceTree = "<group>";
		};
		AC14862E23F4CCC400C89923 /* FruitDetails */ = {
			isa = PBXGroup;
			children = (
				AC14863723F4D9B200C89923 /* View */,
				AC14863523F4D6E000C89923 /* FruitDetailsViewModel.swift */,
			);
			path = FruitDetails;
			sourceTree = "<group>";
		};
		AC14862F23F4CDD400C89923 /* Coordinators */ = {
			isa = PBXGroup;
			children = (
				AC14863023F4CDE200C89923 /* ShowFruitCoordinator.swift */,
			);
			path = Coordinators;
			sourceTree = "<group>";
		};
		AC14863223F4D6AD00C89923 /* FruitDetails */ = {
			isa = PBXGroup;
			children = (
				AC14863323F4D6C700C89923 /* FruitDetailsViewModelTests.swift */,
			);
			path = FruitDetails;
			sourceTree = "<group>";
		};
		AC14863723F4D9B200C89923 /* View */ = {
			isa = PBXGroup;
			children = (
				AC14863823F4D9C300C89923 /* FruitDetailsViewController.swift */,
			);
			path = View;
			sourceTree = "<group>";
		};
		AC14863E23F4EBCA00C89923 /* MeasurementFormatters */ = {
			isa = PBXGroup;
			children = (
				AC14863F23F4ECDE00C89923 /* WeightFormatter.swift */,
				AC14864523F4F36D00C89923 /* PriceFormatter.swift */,
			);
			path = MeasurementFormatters;
			sourceTree = "<group>";
		};
		AC14864123F4ED3A00C89923 /* Common */ = {
			isa = PBXGroup;
			children = (
				AC14864223F4ED3F00C89923 /* MeasurementFormatters */,
				AC14865023F518FC00C89923 /* MockAnalyticsService.swift */,
			);
			path = Common;
			sourceTree = "<group>";
		};
		AC14864223F4ED3F00C89923 /* MeasurementFormatters */ = {
			isa = PBXGroup;
			children = (
				AC14864323F4ED5000C89923 /* FormatterTests.swift */,
			);
			path = MeasurementFormatters;
			sourceTree = "<group>";
		};
		AC14865223F5331A00C89923 /* Views */ = {
			isa = PBXGroup;
			children = (
				AC14865323F5332D00C89923 /* AccessibleLabel.swift */,
			);
			path = Views;
			sourceTree = "<group>";
		};
/* End PBXGroup section */

/* Begin PBXNativeTarget section */
		AC14858A23F4722D00C89923 /* FruitViewer */ = {
			isa = PBXNativeTarget;
			buildConfigurationList = AC1485AA23F4723000C89923 /* Build configuration list for PBXNativeTarget "FruitViewer" */;
			buildPhases = (
				AC14858723F4722D00C89923 /* Sources */,
				AC14858823F4722D00C89923 /* Frameworks */,
				AC14858923F4722D00C89923 /* Resources */,
				AC1485FE23F47EA000C89923 /* Embed Frameworks */,
			);
			buildRules = (
			);
			dependencies = (
			);
			name = FruitViewer;
			productName = FruitViewer;
			productReference = AC14858B23F4722D00C89923 /* FruitViewer.app */;
			productType = "com.apple.product-type.application";
		};
		AC1485A023F4722F00C89923 /* FruitViewerTests */ = {
			isa = PBXNativeTarget;
			buildConfigurationList = AC1485AD23F4723000C89923 /* Build configuration list for PBXNativeTarget "FruitViewerTests" */;
			buildPhases = (
				AC14859D23F4722F00C89923 /* Sources */,
				AC14859E23F4722F00C89923 /* Frameworks */,
				AC14859F23F4722F00C89923 /* Resources */,
			);
			buildRules = (
			);
			dependencies = (
				AC1485A323F4723000C89923 /* PBXTargetDependency */,
			);
			name = FruitViewerTests;
			productName = FruitViewerTests;
			productReference = AC1485A123F4723000C89923 /* FruitViewerTests.xctest */;
			productType = "com.apple.product-type.bundle.unit-test";
		};
/* End PBXNativeTarget section */

/* Begin PBXProject section */
		AC14858323F4722D00C89923 /* Project object */ = {
			isa = PBXProject;
			attributes = {
				LastSwiftUpdateCheck = 1130;
				LastUpgradeCheck = 1130;
				ORGANIZATIONNAME = Rufus;
				TargetAttributes = {
					AC14858A23F4722D00C89923 = {
						CreatedOnToolsVersion = 11.3.1;
					};
					AC1485A023F4722F00C89923 = {
						CreatedOnToolsVersion = 11.3.1;
						TestTargetID = AC14858A23F4722D00C89923;
					};
				};
			};
			buildConfigurationList = AC14858623F4722D00C89923 /* Build configuration list for PBXProject "FruitViewer" */;
			compatibilityVersion = "Xcode 9.3";
			developmentRegion = en;
			hasScannedForEncodings = 0;
			knownRegions = (
				en,
				Base,
			);
			mainGroup = AC14858223F4722D00C89923;
			productRefGroup = AC14858C23F4722D00C89923 /* Products */;
			projectDirPath = "";
			projectRoot = "";
			targets = (
				AC14858A23F4722D00C89923 /* FruitViewer */,
				AC1485A023F4722F00C89923 /* FruitViewerTests */,
			);
		};
/* End PBXProject section */

/* Begin PBXResourcesBuildPhase section */
		AC14858923F4722D00C89923 /* Resources */ = {
			isa = PBXResourcesBuildPhase;
			buildActionMask = 2147483647;
			files = (
				AC1485B123F4763900C89923 /* README.md in Resources */,
				AC14859B23F4722F00C89923 /* LaunchScreen.storyboard in Resources */,
				AC14859823F4722F00C89923 /* Assets.xcassets in Resources */,
			);
			runOnlyForDeploymentPostprocessing = 0;
		};
		AC14859F23F4722F00C89923 /* Resources */ = {
			isa = PBXResourcesBuildPhase;
			buildActionMask = 2147483647;
			files = (
			);
			runOnlyForDeploymentPostprocessing = 0;
		};
/* End PBXResourcesBuildPhase section */

/* Begin PBXSourcesBuildPhase section */
		AC14858723F4722D00C89923 /* Sources */ = {
			isa = PBXSourcesBuildPhase;
			buildActionMask = 2147483647;
			files = (
				AC14862D23F4C34300C89923 /* UIView+LayoutExtensions.swift in Sources */,
				AC14862823F4C2A900C89923 /* FruitListViewController.swift in Sources */,
				AC14863623F4D6E000C89923 /* FruitDetailsViewModel.swift in Sources */,
				AC14862223F4933000C89923 /* FruitCellViewModel.swift in Sources */,
				AC14864023F4ECDE00C89923 /* WeightFormatter.swift in Sources */,
				AC14863123F4CDE200C89923 /* ShowFruitCoordinator.swift in Sources */,
				AC14858F23F4722D00C89923 /* AppDelegate.swift in Sources */,
				AC14864F23F50F5C00C89923 /* BaseViewModel.swift in Sources */,
				AC14863B23F4DFBC00C89923 /* CanvasPreviewHelpers.swift in Sources */,
				AC14862A23F4C2EC00C89923 /* FruitCell.swift in Sources */,
				AC14862023F4922800C89923 /* FruitListViewModel.swift in Sources */,
				AC14864623F4F36D00C89923 /* PriceFormatter.swift in Sources */,
				AC14865423F5332D00C89923 /* AccessibleLabel.swift in Sources */,
				AC14863923F4D9C300C89923 /* FruitDetailsViewController.swift in Sources */,
			);
			runOnlyForDeploymentPostprocessing = 0;
		};
		AC14859D23F4722F00C89923 /* Sources */ = {
			isa = PBXSourcesBuildPhase;
			buildActionMask = 2147483647;
			files = (
				AC14865123F518FC00C89923 /* MockAnalyticsService.swift in Sources */,
				AC14863423F4D6C700C89923 /* FruitDetailsViewModelTests.swift in Sources */,
				AC14864423F4ED5000C89923 /* FormatterTests.swift in Sources */,
				AC14862523F4946300C89923 /* FruitListViewModelTests.swift in Sources */,
			);
			runOnlyForDeploymentPostprocessing = 0;
		};
/* End PBXSourcesBuildPhase section */

/* Begin PBXTargetDependency section */
		AC1485A323F4723000C89923 /* PBXTargetDependency */ = {
			isa = PBXTargetDependency;
			target = AC14858A23F4722D00C89923 /* FruitViewer */;
			targetProxy = AC1485A223F4723000C89923 /* PBXContainerItemProxy */;
		};
/* End PBXTargetDependency section */

/* Begin PBXVariantGroup section */
		AC14859923F4722F00C89923 /* LaunchScreen.storyboard */ = {
			isa = PBXVariantGroup;
			children = (
				AC14859A23F4722F00C89923 /* Base */,
			);
			name = LaunchScreen.storyboard;
			sourceTree = "<group>";
		};
/* End PBXVariantGroup section */

/* Begin XCBuildConfiguration section */
		AC1485A823F4723000C89923 /* Debug */ = {
			isa = XCBuildConfiguration;
			buildSettings = {
				ALWAYS_SEARCH_USER_PATHS = NO;
				CLANG_ANALYZER_NONNULL = YES;
				CLANG_ANALYZER_NUMBER_OBJECT_CONVERSION = YES_AGGRESSIVE;
				CLANG_CXX_LANGUAGE_STANDARD = "gnu++14";
				CLANG_CXX_LIBRARY = "libc++";
				CLANG_ENABLE_MODULES = YES;
				CLANG_ENABLE_OBJC_ARC = YES;
				CLANG_ENABLE_OBJC_WEAK = YES;
				CLANG_WARN_BLOCK_CAPTURE_AUTORELEASING = YES;
				CLANG_WARN_BOOL_CONVERSION = YES;
				CLANG_WARN_COMMA = YES;
				CLANG_WARN_CONSTANT_CONVERSION = YES;
				CLANG_WARN_DEPRECATED_OBJC_IMPLEMENTATIONS = YES;
				CLANG_WARN_DIRECT_OBJC_ISA_USAGE = YES_ERROR;
				CLANG_WARN_DOCUMENTATION_COMMENTS = YES;
				CLANG_WARN_EMPTY_BODY = YES;
				CLANG_WARN_ENUM_CONVERSION = YES;
				CLANG_WARN_INFINITE_RECURSION = YES;
				CLANG_WARN_INT_CONVERSION = YES;
				CLANG_WARN_NON_LITERAL_NULL_CONVERSION = YES;
				CLANG_WARN_OBJC_IMPLICIT_RETAIN_SELF = YES;
				CLANG_WARN_OBJC_LITERAL_CONVERSION = YES;
				CLANG_WARN_OBJC_ROOT_CLASS = YES_ERROR;
				CLANG_WARN_RANGE_LOOP_ANALYSIS = YES;
				CLANG_WARN_STRICT_PROTOTYPES = YES;
				CLANG_WARN_SUSPICIOUS_MOVE = YES;
				CLANG_WARN_UNGUARDED_AVAILABILITY = YES_AGGRESSIVE;
				CLANG_WARN_UNREACHABLE_CODE = YES;
				CLANG_WARN__DUPLICATE_METHOD_MATCH = YES;
				COPY_PHASE_STRIP = NO;
				DEBUG_INFORMATION_FORMAT = dwarf;
				ENABLE_STRICT_OBJC_MSGSEND = YES;
				ENABLE_TESTABILITY = YES;
				GCC_C_LANGUAGE_STANDARD = gnu11;
				GCC_DYNAMIC_NO_PIC = NO;
				GCC_NO_COMMON_BLOCKS = YES;
				GCC_OPTIMIZATION_LEVEL = 0;
				GCC_PREPROCESSOR_DEFINITIONS = (
					"DEBUG=1",
					"$(inherited)",
				);
				GCC_WARN_64_TO_32_BIT_CONVERSION = YES;
				GCC_WARN_ABOUT_RETURN_TYPE = YES_ERROR;
				GCC_WARN_UNDECLARED_SELECTOR = YES;
				GCC_WARN_UNINITIALIZED_AUTOS = YES_AGGRESSIVE;
				GCC_WARN_UNUSED_FUNCTION = YES;
				GCC_WARN_UNUSED_VARIABLE = YES;
				IPHONEOS_DEPLOYMENT_TARGET = 13.2;
				MTL_ENABLE_DEBUG_INFO = INCLUDE_SOURCE;
				MTL_FAST_MATH = YES;
				ONLY_ACTIVE_ARCH = YES;
				SDKROOT = iphoneos;
				SWIFT_ACTIVE_COMPILATION_CONDITIONS = DEBUG;
				SWIFT_OPTIMIZATION_LEVEL = "-Onone";
			};
			name = Debug;
		};
		AC1485A923F4723000C89923 /* Release */ = {
			isa = XCBuildConfiguration;
			buildSettings = {
				ALWAYS_SEARCH_USER_PATHS = NO;
				CLANG_ANALYZER_NONNULL = YES;
				CLANG_ANALYZER_NUMBER_OBJECT_CONVERSION = YES_AGGRESSIVE;
				CLANG_CXX_LANGUAGE_STANDARD = "gnu++14";
				CLANG_CXX_LIBRARY = "libc++";
				CLANG_ENABLE_MODULES = YES;
				CLANG_ENABLE_OBJC_ARC = YES;
				CLANG_ENABLE_OBJC_WEAK = YES;
				CLANG_WARN_BLOCK_CAPTURE_AUTORELEASING = YES;
				CLANG_WARN_BOOL_CONVERSION = YES;
				CLANG_WARN_COMMA = YES;
				CLANG_WARN_CONSTANT_CONVERSION = YES;
				CLANG_WARN_DEPRECATED_OBJC_IMPLEMENTATIONS = YES;
				CLANG_WARN_DIRECT_OBJC_ISA_USAGE = YES_ERROR;
				CLANG_WARN_DOCUMENTATION_COMMENTS = YES;
				CLANG_WARN_EMPTY_BODY = YES;
				CLANG_WARN_ENUM_CONVERSION = YES;
				CLANG_WARN_INFINITE_RECURSION = YES;
				CLANG_WARN_INT_CONVERSION = YES;
				CLANG_WARN_NON_LITERAL_NULL_CONVERSION = YES;
				CLANG_WARN_OBJC_IMPLICIT_RETAIN_SELF = YES;
				CLANG_WARN_OBJC_LITERAL_CONVERSION = YES;
				CLANG_WARN_OBJC_ROOT_CLASS = YES_ERROR;
				CLANG_WARN_RANGE_LOOP_ANALYSIS = YES;
				CLANG_WARN_STRICT_PROTOTYPES = YES;
				CLANG_WARN_SUSPICIOUS_MOVE = YES;
				CLANG_WARN_UNGUARDED_AVAILABILITY = YES_AGGRESSIVE;
				CLANG_WARN_UNREACHABLE_CODE = YES;
				CLANG_WARN__DUPLICATE_METHOD_MATCH = YES;
				COPY_PHASE_STRIP = NO;
				DEBUG_INFORMATION_FORMAT = "dwarf-with-dsym";
				ENABLE_NS_ASSERTIONS = NO;
				ENABLE_STRICT_OBJC_MSGSEND = YES;
				GCC_C_LANGUAGE_STANDARD = gnu11;
				GCC_NO_COMMON_BLOCKS = YES;
				GCC_WARN_64_TO_32_BIT_CONVERSION = YES;
				GCC_WARN_ABOUT_RETURN_TYPE = YES_ERROR;
				GCC_WARN_UNDECLARED_SELECTOR = YES;
				GCC_WARN_UNINITIALIZED_AUTOS = YES_AGGRESSIVE;
				GCC_WARN_UNUSED_FUNCTION = YES;
				GCC_WARN_UNUSED_VARIABLE = YES;
				IPHONEOS_DEPLOYMENT_TARGET = 13.2;
				MTL_ENABLE_DEBUG_INFO = NO;
				MTL_FAST_MATH = YES;
				SDKROOT = iphoneos;
				SWIFT_COMPILATION_MODE = wholemodule;
				SWIFT_OPTIMIZATION_LEVEL = "-O";
				VALIDATE_PRODUCT = YES;
			};
			name = Release;
		};
		AC1485AB23F4723000C89923 /* Debug */ = {
			isa = XCBuildConfiguration;
			buildSettings = {
				ASSETCATALOG_COMPILER_APPICON_NAME = AppIcon;
				CODE_SIGN_STYLE = Automatic;
				DEVELOPMENT_TEAM = MQ4Z795YVF;
				INFOPLIST_FILE = FruitViewer/Info.plist;
				LD_RUNPATH_SEARCH_PATHS = (
					"$(inherited)",
					"@executable_path/Frameworks",
				);
				PRODUCT_BUNDLE_IDENTIFIER = rufus.programmer.FruitViewer;
				PRODUCT_NAME = "$(TARGET_NAME)";
				SWIFT_VERSION = 5.0;
				TARGETED_DEVICE_FAMILY = "1,2";
			};
			name = Debug;
		};
		AC1485AC23F4723000C89923 /* Release */ = {
			isa = XCBuildConfiguration;
			buildSettings = {
				ASSETCATALOG_COMPILER_APPICON_NAME = AppIcon;
				CODE_SIGN_STYLE = Automatic;
				DEVELOPMENT_TEAM = MQ4Z795YVF;
				INFOPLIST_FILE = FruitViewer/Info.plist;
				LD_RUNPATH_SEARCH_PATHS = (
					"$(inherited)",
					"@executable_path/Frameworks",
				);
				PRODUCT_BUNDLE_IDENTIFIER = rufus.programmer.FruitViewer;
				PRODUCT_NAME = "$(TARGET_NAME)";
				SWIFT_VERSION = 5.0;
				TARGETED_DEVICE_FAMILY = "1,2";
			};
			name = Release;
		};
		AC1485AE23F4723000C89923 /* Debug */ = {
			isa = XCBuildConfiguration;
			buildSettings = {
				ALWAYS_EMBED_SWIFT_STANDARD_LIBRARIES = YES;
				BUNDLE_LOADER = "$(TEST_HOST)";
				CODE_SIGN_STYLE = Automatic;
				DEVELOPMENT_TEAM = MQ4Z795YVF;
				INFOPLIST_FILE = FruitViewerTests/Info.plist;
				IPHONEOS_DEPLOYMENT_TARGET = 13.2;
				LD_RUNPATH_SEARCH_PATHS = (
					"$(inherited)",
					"@executable_path/Frameworks",
					"@loader_path/Frameworks",
				);
				PRODUCT_BUNDLE_IDENTIFIER = rufus.programmer.FruitViewerTests;
				PRODUCT_NAME = "$(TARGET_NAME)";
				SWIFT_VERSION = 5.0;
				TARGETED_DEVICE_FAMILY = "1,2";
				TEST_HOST = "$(BUILT_PRODUCTS_DIR)/FruitViewer.app/FruitViewer";
			};
			name = Debug;
		};
		AC1485AF23F4723000C89923 /* Release */ = {
			isa = XCBuildConfiguration;
			buildSettings = {
				ALWAYS_EMBED_SWIFT_STANDARD_LIBRARIES = YES;
				BUNDLE_LOADER = "$(TEST_HOST)";
				CODE_SIGN_STYLE = Automatic;
				DEVELOPMENT_TEAM = MQ4Z795YVF;
				INFOPLIST_FILE = FruitViewerTests/Info.plist;
				IPHONEOS_DEPLOYMENT_TARGET = 13.2;
				LD_RUNPATH_SEARCH_PATHS = (
					"$(inherited)",
					"@executable_path/Frameworks",
					"@loader_path/Frameworks",
				);
				PRODUCT_BUNDLE_IDENTIFIER = rufus.programmer.FruitViewerTests;
				PRODUCT_NAME = "$(TARGET_NAME)";
				SWIFT_VERSION = 5.0;
				TARGETED_DEVICE_FAMILY = "1,2";
				TEST_HOST = "$(BUILT_PRODUCTS_DIR)/FruitViewer.app/FruitViewer";
			};
			name = Release;
		};
/* End XCBuildConfiguration section */

/* Begin XCConfigurationList section */
		AC14858623F4722D00C89923 /* Build configuration list for PBXProject "FruitViewer" */ = {
			isa = XCConfigurationList;
			buildConfigurations = (
				AC1485A823F4723000C89923 /* Debug */,
				AC1485A923F4723000C89923 /* Release */,
			);
			defaultConfigurationIsVisible = 0;
			defaultConfigurationName = Release;
		};
		AC1485AA23F4723000C89923 /* Build configuration list for PBXNativeTarget "FruitViewer" */ = {
			isa = XCConfigurationList;
			buildConfigurations = (
				AC1485AB23F4723000C89923 /* Debug */,
				AC1485AC23F4723000C89923 /* Release */,
			);
			defaultConfigurationIsVisible = 0;
			defaultConfigurationName = Release;
		};
		AC1485AD23F4723000C89923 /* Build configuration list for PBXNativeTarget "FruitViewerTests" */ = {
			isa = XCConfigurationList;
			buildConfigurations = (
				AC1485AE23F4723000C89923 /* Debug */,
				AC1485AF23F4723000C89923 /* Release */,
			);
			defaultConfigurationIsVisible = 0;
			defaultConfigurationName = Release;
		};
/* End XCConfigurationList section */
	};
	rootObject = AC14858323F4722D00C89923 /* Project object */;
}
