// !$*UTF8*$!
{
	archiveVersion = 1;
	classes = {
	};
	objectVersion = 50;
	objects = {

/* Begin PBXBuildFile section */
		AC1485EA23F47E3A00C89923 /* FruitKit.framework in Frameworks */ = {isa = PBXBuildFile; fileRef = AC1485E023F47E3A00C89923 /* FruitKit.framework */; };
		AC1485F123F47E3A00C89923 /* FruitKit.h in Headers */ = {isa = PBXBuildFile; fileRef = AC1485E323F47E3A00C89923 /* FruitKit.h */; settings = {ATTRIBUTES = (Public, ); }; };
		AC14860223F484CB00C89923 /* WebClientProtocol.swift in Sources */ = {isa = PBXBuildFile; fileRef = AC14860123F484CB00C89923 /* WebClientProtocol.swift */; };
		AC14860423F4854A00C89923 /* WebClient.swift in Sources */ = {isa = PBXBuildFile; fileRef = AC14860323F4854A00C89923 /* WebClient.swift */; };
		AC14860623F4861500C89923 /* WebClientTests.swift in Sources */ = {isa = PBXBuildFile; fileRef = AC14860523F4861500C89923 /* WebClientTests.swift */; };
		AC14860823F4868200C89923 /* XCTest+Expectation.swift in Sources */ = {isa = PBXBuildFile; fileRef = AC14860723F4868200C89923 /* XCTest+Expectation.swift */; };
		AC14860C23F4878800C89923 /* Fruit.swift in Sources */ = {isa = PBXBuildFile; fileRef = AC14860B23F4878800C89923 /* Fruit.swift */; };
		AC14860E23F4888400C89923 /* FruitService.swift in Sources */ = {isa = PBXBuildFile; fileRef = AC14860D23F4888400C89923 /* FruitService.swift */; };
		AC14861023F4889C00C89923 /* FruitServiceProtocol.swift in Sources */ = {isa = PBXBuildFile; fileRef = AC14860F23F4889C00C89923 /* FruitServiceProtocol.swift */; };
		AC14861223F4895500C89923 /* BaseService.swift in Sources */ = {isa = PBXBuildFile; fileRef = AC14861123F4895500C89923 /* BaseService.swift */; };
		AC14861523F48A4700C89923 /* BaseServiceTests.swift in Sources */ = {isa = PBXBuildFile; fileRef = AC14861423F48A4700C89923 /* BaseServiceTests.swift */; };
		AC14861823F48AA300C89923 /* FruitServiceTests.swift in Sources */ = {isa = PBXBuildFile; fileRef = AC14861723F48AA300C89923 /* FruitServiceTests.swift */; };
		AC14861A23F48AE300C89923 /* FruitKitTestCase.swift in Sources */ = {isa = PBXBuildFile; fileRef = AC14861923F48AE300C89923 /* FruitKitTestCase.swift */; };
		AC14861C23F48B3D00C89923 /* Environment.swift in Sources */ = {isa = PBXBuildFile; fileRef = AC14861B23F48B3D00C89923 /* Environment.swift */; };
/* End PBXBuildFile section */

/* Begin PBXContainerItemProxy section */
		AC1485EB23F47E3A00C89923 /* PBXContainerItemProxy */ = {
			isa = PBXContainerItemProxy;
			containerPortal = AC1485D723F47E3A00C89923 /* Project object */;
			proxyType = 1;
			remoteGlobalIDString = AC1485DF23F47E3A00C89923;
			remoteInfo = FruitKit;
		};
/* End PBXContainerItemProxy section */

/* Begin PBXFileReference section */
		AC1485E023F47E3A00C89923 /* FruitKit.framework */ = {isa = PBXFileReference; explicitFileType = wrapper.framework; includeInIndex = 0; path = FruitKit.framework; sourceTree = BUILT_PRODUCTS_DIR; };
		AC1485E323F47E3A00C89923 /* FruitKit.h */ = {isa = PBXFileReference; lastKnownFileType = sourcecode.c.h; path = FruitKit.h; sourceTree = "<group>"; };
		AC1485E423F47E3A00C89923 /* Info.plist */ = {isa = PBXFileReference; lastKnownFileType = text.plist.xml; path = Info.plist; sourceTree = "<group>"; };
		AC1485E923F47E3A00C89923 /* FruitKitTests.xctest */ = {isa = PBXFileReference; explicitFileType = wrapper.cfbundle; includeInIndex = 0; path = FruitKitTests.xctest; sourceTree = BUILT_PRODUCTS_DIR; };
		AC1485F023F47E3A00C89923 /* Info.plist */ = {isa = PBXFileReference; lastKnownFileType = text.plist.xml; path = Info.plist; sourceTree = "<group>"; };
		AC14860123F484CB00C89923 /* WebClientProtocol.swift */ = {isa = PBXFileReference; lastKnownFileType = sourcecode.swift; path = WebClientProtocol.swift; sourceTree = "<group>"; };
		AC14860323F4854A00C89923 /* WebClient.swift */ = {isa = PBXFileReference; lastKnownFileType = sourcecode.swift; path = WebClient.swift; sourceTree = "<group>"; };
		AC14860523F4861500C89923 /* WebClientTests.swift */ = {isa = PBXFileReference; lastKnownFileType = sourcecode.swift; path = WebClientTests.swift; sourceTree = "<group>"; };
		AC14860723F4868200C89923 /* XCTest+Expectation.swift */ = {isa = PBXFileReference; lastKnownFileType = sourcecode.swift; path = "XCTest+Expectation.swift"; sourceTree = "<group>"; };
		AC14860B23F4878800C89923 /* Fruit.swift */ = {isa = PBXFileReference; lastKnownFileType = sourcecode.swift; path = Fruit.swift; sourceTree = "<group>"; };
		AC14860D23F4888400C89923 /* FruitService.swift */ = {isa = PBXFileReference; lastKnownFileType = sourcecode.swift; path = FruitService.swift; sourceTree = "<group>"; };
		AC14860F23F4889C00C89923 /* FruitServiceProtocol.swift */ = {isa = PBXFileReference; lastKnownFileType = sourcecode.swift; path = FruitServiceProtocol.swift; sourceTree = "<group>"; };
		AC14861123F4895500C89923 /* BaseService.swift */ = {isa = PBXFileReference; lastKnownFileType = sourcecode.swift; path = BaseService.swift; sourceTree = "<group>"; };
		AC14861423F48A4700C89923 /* BaseServiceTests.swift */ = {isa = PBXFileReference; lastKnownFileType = sourcecode.swift; path = BaseServiceTests.swift; sourceTree = "<group>"; };
		AC14861723F48AA300C89923 /* FruitServiceTests.swift */ = {isa = PBXFileReference; lastKnownFileType = sourcecode.swift; path = FruitServiceTests.swift; sourceTree = "<group>"; };
		AC14861923F48AE300C89923 /* FruitKitTestCase.swift */ = {isa = PBXFileReference; lastKnownFileType = sourcecode.swift; path = FruitKitTestCase.swift; sourceTree = "<group>"; };
		AC14861B23F48B3D00C89923 /* Environment.swift */ = {isa = PBXFileReference; lastKnownFileType = sourcecode.swift; path = Environment.swift; sourceTree = "<group>"; };
/* End PBXFileReference section */

/* Begin PBXFrameworksBuildPhase section */
		AC1485DD23F47E3A00C89923 /* Frameworks */ = {
			isa = PBXFrameworksBuildPhase;
			buildActionMask = 2147483647;
			files = (
			);
			runOnlyForDeploymentPostprocessing = 0;
		};
		AC1485E623F47E3A00C89923 /* Frameworks */ = {
			isa = PBXFrameworksBuildPhase;
			buildActionMask = 2147483647;
			files = (
				AC1485EA23F47E3A00C89923 /* FruitKit.framework in Frameworks */,
			);
			runOnlyForDeploymentPostprocessing = 0;
		};
/* End PBXFrameworksBuildPhase section */

/* Begin PBXGroup section */
		AC1485D623F47E3A00C89923 = {
			isa = PBXGroup;
			children = (
				AC1485E223F47E3A00C89923 /* FruitKit */,
				AC1485ED23F47E3A00C89923 /* FruitKitTests */,
				AC1485E123F47E3A00C89923 /* Products */,
			);
			sourceTree = "<group>";
		};
		AC1485E123F47E3A00C89923 /* Products */ = {
			isa = PBXGroup;
			children = (
				AC1485E023F47E3A00C89923 /* FruitKit.framework */,
				AC1485E923F47E3A00C89923 /* FruitKitTests.xctest */,
			);
			name = Products;
			sourceTree = "<group>";
		};
		AC1485E223F47E3A00C89923 /* FruitKit */ = {
			isa = PBXGroup;
			children = (
				AC14860923F4876700C89923 /* Services */,
				AC1485FF23F484A300C89923 /* Network */,
				AC1485E323F47E3A00C89923 /* FruitKit.h */,
				AC1485E423F47E3A00C89923 /* Info.plist */,
			);
			path = FruitKit;
			sourceTree = "<group>";
		};
		AC1485ED23F47E3A00C89923 /* FruitKitTests */ = {
			isa = PBXGroup;
			children = (
				AC14861623F48A9100C89923 /* Services */,
				AC14860023F484AE00C89923 /* Network */,
				AC1485F023F47E3A00C89923 /* Info.plist */,
				AC14860723F4868200C89923 /* XCTest+Expectation.swift */,
				AC14861923F48AE300C89923 /* FruitKitTestCase.swift */,
			);
			path = FruitKitTests;
			sourceTree = "<group>";
		};
		AC1485FF23F484A300C89923 /* Network */ = {
			isa = PBXGroup;
			children = (
				AC14860123F484CB00C89923 /* WebClientProtocol.swift */,
				AC14860323F4854A00C89923 /* WebClient.swift */,
			);
			path = Network;
			sourceTree = "<group>";
		};
		AC14860023F484AE00C89923 /* Network */ = {
			isa = PBXGroup;
			children = (
				AC14860523F4861500C89923 /* WebClientTests.swift */,
				AC14861423F48A4700C89923 /* BaseServiceTests.swift */,
			);
			path = Network;
			sourceTree = "<group>";
		};
		AC14860923F4876700C89923 /* Services */ = {
			isa = PBXGroup;
			children = (
				AC14860A23F4877D00C89923 /* Fruit */,
				AC14861123F4895500C89923 /* BaseService.swift */,
				AC14861B23F48B3D00C89923 /* Environment.swift */,
			);
			path = Services;
			sourceTree = "<group>";
		};
		AC14860A23F4877D00C89923 /* Fruit */ = {
			isa = PBXGroup;
			children = (
				AC14860B23F4878800C89923 /* Fruit.swift */,
				AC14860D23F4888400C89923 /* FruitService.swift */,
				AC14860F23F4889C00C89923 /* FruitServiceProtocol.swift */,
			);
			path = Fruit;
			sourceTree = "<group>";
		};
		AC14861623F48A9100C89923 /* Services */ = {
			isa = PBXGroup;
			children = (
				AC14861723F48AA300C89923 /* FruitServiceTests.swift */,
			);
			path = Services;
			sourceTree = "<group>";
		};
/* End PBXGroup section */

/* Begin PBXHeadersBuildPhase section */
		AC1485DB23F47E3A00C89923 /* Headers */ = {
			isa = PBXHeadersBuildPhase;
			buildActionMask = 2147483647;
			files = (
				AC1485F123F47E3A00C89923 /* FruitKit.h in Headers */,
			);
			runOnlyForDeploymentPostprocessing = 0;
		};
/* End PBXHeadersBuildPhase section */

/* Begin PBXNativeTarget section */
		AC1485DF23F47E3A00C89923 /* FruitKit */ = {
			isa = PBXNativeTarget;
			buildConfigurationList = AC1485F423F47E3A00C89923 /* Build configuration list for PBXNativeTarget "FruitKit" */;
			buildPhases = (
				AC1485DB23F47E3A00C89923 /* Headers */,
				AC1485DC23F47E3A00C89923 /* Sources */,
				AC1485DD23F47E3A00C89923 /* Frameworks */,
				AC1485DE23F47E3A00C89923 /* Resources */,
			);
			buildRules = (
			);
			dependencies = (
			);
			name = FruitKit;
			productName = FruitKit;
			productReference = AC1485E023F47E3A00C89923 /* FruitKit.framework */;
			productType = "com.apple.product-type.framework";
		};
		AC1485E823F47E3A00C89923 /* FruitKitTests */ = {
			isa = PBXNativeTarget;
			buildConfigurationList = AC1485F723F47E3A00C89923 /* Build configuration list for PBXNativeTarget "FruitKitTests" */;
			buildPhases = (
				AC1485E523F47E3A00C89923 /* Sources */,
				AC1485E623F47E3A00C89923 /* Frameworks */,
				AC1485E723F47E3A00C89923 /* Resources */,
			);
			buildRules = (
			);
			dependencies = (
				AC1485EC23F47E3A00C89923 /* PBXTargetDependency */,
			);
			name = FruitKitTests;
			productName = FruitKitTests;
			productReference = AC1485E923F47E3A00C89923 /* FruitKitTests.xctest */;
			productType = "com.apple.product-type.bundle.unit-test";
		};
/* End PBXNativeTarget section */

/* Begin PBXProject section */
		AC1485D723F47E3A00C89923 /* Project object */ = {
			isa = PBXProject;
			attributes = {
				LastSwiftUpdateCheck = 1130;
				LastUpgradeCheck = 1130;
				ORGANIZATIONNAME = Rufus;
				TargetAttributes = {
					AC1485DF23F47E3A00C89923 = {
						CreatedOnToolsVersion = 11.3.1;
						LastSwiftMigration = 1130;
					};
					AC1485E823F47E3A00C89923 = {
						CreatedOnToolsVersion = 11.3.1;
						LastSwiftMigration = 1130;
					};
				};
			};
			buildConfigurationList = AC1485DA23F47E3A00C89923 /* Build configuration list for PBXProject "FruitKit" */;
			compatibilityVersion = "Xcode 9.3";
			developmentRegion = en;
			hasScannedForEncodings = 0;
			knownRegions = (
				en,
				Base,
			);
			mainGroup = AC1485D623F47E3A00C89923;
			productRefGroup = AC1485E123F47E3A00C89923 /* Products */;
			projectDirPath = "";
			projectRoot = "";
			targets = (
				AC1485DF23F47E3A00C89923 /* FruitKit */,
				AC1485E823F47E3A00C89923 /* FruitKitTests */,
			);
		};
/* End PBXProject section */

/* Begin PBXResourcesBuildPhase section */
		AC1485DE23F47E3A00C89923 /* Resources */ = {
			isa = PBXResourcesBuildPhase;
			buildActionMask = 2147483647;
			files = (
			);
			runOnlyForDeploymentPostprocessing = 0;
		};
		AC1485E723F47E3A00C89923 /* Resources */ = {
			isa = PBXResourcesBuildPhase;
			buildActionMask = 2147483647;
			files = (
			);
			runOnlyForDeploymentPostprocessing = 0;
		};
/* End PBXResourcesBuildPhase section */

/* Begin PBXSourcesBuildPhase section */
		AC1485DC23F47E3A00C89923 /* Sources */ = {
			isa = PBXSourcesBuildPhase;
			buildActionMask = 2147483647;
			files = (
				AC14860E23F4888400C89923 /* FruitService.swift in Sources */,
				AC14860C23F4878800C89923 /* Fruit.swift in Sources */,
				AC14861223F4895500C89923 /* BaseService.swift in Sources */,
				AC14861C23F48B3D00C89923 /* Environment.swift in Sources */,
				AC14860223F484CB00C89923 /* WebClientProtocol.swift in Sources */,
				AC14861023F4889C00C89923 /* FruitServiceProtocol.swift in Sources */,
				AC14860423F4854A00C89923 /* WebClient.swift in Sources */,
			);
			runOnlyForDeploymentPostprocessing = 0;
		};
		AC1485E523F47E3A00C89923 /* Sources */ = {
			isa = PBXSourcesBuildPhase;
			buildActionMask = 2147483647;
			files = (
				AC14861A23F48AE300C89923 /* FruitKitTestCase.swift in Sources */,
				AC14861823F48AA300C89923 /* FruitServiceTests.swift in Sources */,
				AC14860623F4861500C89923 /* WebClientTests.swift in Sources */,
				AC14861523F48A4700C89923 /* BaseServiceTests.swift in Sources */,
				AC14860823F4868200C89923 /* XCTest+Expectation.swift in Sources */,
			);
			runOnlyForDeploymentPostprocessing = 0;
		};
/* End PBXSourcesBuildPhase section */

/* Begin PBXTargetDependency section */
		AC1485EC23F47E3A00C89923 /* PBXTargetDependency */ = {
			isa = PBXTargetDependency;
			target = AC1485DF23F47E3A00C89923 /* FruitKit */;
			targetProxy = AC1485EB23F47E3A00C89923 /* PBXContainerItemProxy */;
		};
/* End PBXTargetDependency section */

/* Begin XCBuildConfiguration section */
		AC1485F223F47E3A00C89923 /* Debug */ = {
			isa = XCBuildConfiguration;
			buildSettings = {
				ALWAYS_SEARCH_USER_PATHS = NO;
				CLANG_ANALYZER_NONNULL = YES;
				CLANG_ANALYZER_NUMBER_OBJECT_CONVERSION = YES_AGGRESSIVE;
				CLANG_CXX_LANGUAGE_STANDARD = "gnu++14";
				CLANG_CXX_LIBRARY = "libc++";
				CLANG_ENABLE_MODULES = YES;
				CLANG_ENABLE_OBJC_ARC = YES;
				CLANG_ENABLE_OBJC_WEAK = YES;
				CLANG_WARN_BLOCK_CAPTURE_AUTORELEASING = YES;
				CLANG_WARN_BOOL_CONVERSION = YES;
				CLANG_WARN_COMMA = YES;
				CLANG_WARN_CONSTANT_CONVERSION = YES;
				CLANG_WARN_DEPRECATED_OBJC_IMPLEMENTATIONS = YES;
				CLANG_WARN_DIRECT_OBJC_ISA_USAGE = YES_ERROR;
				CLANG_WARN_DOCUMENTATION_COMMENTS = YES;
				CLANG_WARN_EMPTY_BODY = YES;
				CLANG_WARN_ENUM_CONVERSION = YES;
				CLANG_WARN_INFINITE_RECURSION = YES;
				CLANG_WARN_INT_CONVERSION = YES;
				CLANG_WARN_NON_LITERAL_NULL_CONVERSION = YES;
				CLANG_WARN_OBJC_IMPLICIT_RETAIN_SELF = YES;
				CLANG_WARN_OBJC_LITERAL_CONVERSION = YES;
				CLANG_WARN_OBJC_ROOT_CLASS = YES_ERROR;
				CLANG_WARN_RANGE_LOOP_ANALYSIS = YES;
				CLANG_WARN_STRICT_PROTOTYPES = YES;
				CLANG_WARN_SUSPICIOUS_MOVE = YES;
				CLANG_WARN_UNGUARDED_AVAILABILITY = YES_AGGRESSIVE;
				CLANG_WARN_UNREACHABLE_CODE = YES;
				CLANG_WARN__DUPLICATE_METHOD_MATCH = YES;
				COPY_PHASE_STRIP = NO;
				CURRENT_PROJECT_VERSION = 1;
				DEBUG_INFORMATION_FORMAT = dwarf;
				ENABLE_STRICT_OBJC_MSGSEND = YES;
				ENABLE_TESTABILITY = YES;
				GCC_C_LANGUAGE_STANDARD = gnu11;
				GCC_DYNAMIC_NO_PIC = NO;
				GCC_NO_COMMON_BLOCKS = YES;
				GCC_OPTIMIZATION_LEVEL = 0;
				GCC_PREPROCESSOR_DEFINITIONS = (
					"DEBUG=1",
					"$(inherited)",
				);
				GCC_WARN_64_TO_32_BIT_CONVERSION = YES;
				GCC_WARN_ABOUT_RETURN_TYPE = YES_ERROR;
				GCC_WARN_UNDECLARED_SELECTOR = YES;
				GCC_WARN_UNINITIALIZED_AUTOS = YES_AGGRESSIVE;
				GCC_WARN_UNUSED_FUNCTION = YES;
				GCC_WARN_UNUSED_VARIABLE = YES;
				IPHONEOS_DEPLOYMENT_TARGET = 13.2;
				MTL_ENABLE_DEBUG_INFO = INCLUDE_SOURCE;
				MTL_FAST_MATH = YES;
				ONLY_ACTIVE_ARCH = YES;
				SDKROOT = iphoneos;
				SWIFT_ACTIVE_COMPILATION_CONDITIONS = DEBUG;
				SWIFT_OPTIMIZATION_LEVEL = "-Onone";
				VERSIONING_SYSTEM = "apple-generic";
				VERSION_INFO_PREFIX = "";
			};
			name = Debug;
		};
		AC1485F323F47E3A00C89923 /* Release */ = {
			isa = XCBuildConfiguration;
			buildSettings = {
				ALWAYS_SEARCH_USER_PATHS = NO;
				CLANG_ANALYZER_NONNULL = YES;
				CLANG_ANALYZER_NUMBER_OBJECT_CONVERSION = YES_AGGRESSIVE;
				CLANG_CXX_LANGUAGE_STANDARD = "gnu++14";
				CLANG_CXX_LIBRARY = "libc++";
				CLANG_ENABLE_MODULES = YES;
				CLANG_ENABLE_OBJC_ARC = YES;
				CLANG_ENABLE_OBJC_WEAK = YES;
				CLANG_WARN_BLOCK_CAPTURE_AUTORELEASING = YES;
				CLANG_WARN_BOOL_CONVERSION = YES;
				CLANG_WARN_COMMA = YES;
				CLANG_WARN_CONSTANT_CONVERSION = YES;
				CLANG_WARN_DEPRECATED_OBJC_IMPLEMENTATIONS = YES;
				CLANG_WARN_DIRECT_OBJC_ISA_USAGE = YES_ERROR;
				CLANG_WARN_DOCUMENTATION_COMMENTS = YES;
				CLANG_WARN_EMPTY_BODY = YES;
				CLANG_WARN_ENUM_CONVERSION = YES;
				CLANG_WARN_INFINITE_RECURSION = YES;
				CLANG_WARN_INT_CONVERSION = YES;
				CLANG_WARN_NON_LITERAL_NULL_CONVERSION = YES;
				CLANG_WARN_OBJC_IMPLICIT_RETAIN_SELF = YES;
				CLANG_WARN_OBJC_LITERAL_CONVERSION = YES;
				CLANG_WARN_OBJC_ROOT_CLASS = YES_ERROR;
				CLANG_WARN_RANGE_LOOP_ANALYSIS = YES;
				CLANG_WARN_STRICT_PROTOTYPES = YES;
				CLANG_WARN_SUSPICIOUS_MOVE = YES;
				CLANG_WARN_UNGUARDED_AVAILABILITY = YES_AGGRESSIVE;
				CLANG_WARN_UNREACHABLE_CODE = YES;
				CLANG_WARN__DUPLICATE_METHOD_MATCH = YES;
				COPY_PHASE_STRIP = NO;
				CURRENT_PROJECT_VERSION = 1;
				DEBUG_INFORMATION_FORMAT = "dwarf-with-dsym";
				ENABLE_NS_ASSERTIONS = NO;
				ENABLE_STRICT_OBJC_MSGSEND = YES;
				GCC_C_LANGUAGE_STANDARD = gnu11;
				GCC_NO_COMMON_BLOCKS = YES;
				GCC_WARN_64_TO_32_BIT_CONVERSION = YES;
				GCC_WARN_ABOUT_RETURN_TYPE = YES_ERROR;
				GCC_WARN_UNDECLARED_SELECTOR = YES;
				GCC_WARN_UNINITIALIZED_AUTOS = YES_AGGRESSIVE;
				GCC_WARN_UNUSED_FUNCTION = YES;
				GCC_WARN_UNUSED_VARIABLE = YES;
				IPHONEOS_DEPLOYMENT_TARGET = 13.2;
				MTL_ENABLE_DEBUG_INFO = NO;
				MTL_FAST_MATH = YES;
				SDKROOT = iphoneos;
				SWIFT_COMPILATION_MODE = wholemodule;
				SWIFT_OPTIMIZATION_LEVEL = "-O";
				VALIDATE_PRODUCT = YES;
				VERSIONING_SYSTEM = "apple-generic";
				VERSION_INFO_PREFIX = "";
			};
			name = Release;
		};
		AC1485F523F47E3A00C89923 /* Debug */ = {
			isa = XCBuildConfiguration;
			buildSettings = {
				CLANG_ENABLE_MODULES = YES;
				CODE_SIGN_STYLE = Automatic;
				DEFINES_MODULE = YES;
				DEVELOPMENT_TEAM = MQ4Z795YVF;
				DYLIB_COMPATIBILITY_VERSION = 1;
				DYLIB_CURRENT_VERSION = 1;
				DYLIB_INSTALL_NAME_BASE = "@rpath";
				INFOPLIST_FILE = FruitKit/Info.plist;
				INSTALL_PATH = "$(LOCAL_LIBRARY_DIR)/Frameworks";
				LD_RUNPATH_SEARCH_PATHS = (
					"$(inherited)",
					"@executable_path/Frameworks",
					"@loader_path/Frameworks",
				);
				PRODUCT_BUNDLE_IDENTIFIER = rufus.programmer.FruitKit;
				PRODUCT_NAME = "$(TARGET_NAME:c99extidentifier)";
				SKIP_INSTALL = YES;
				SWIFT_OPTIMIZATION_LEVEL = "-Onone";
				SWIFT_VERSION = 5.0;
				TARGETED_DEVICE_FAMILY = "1,2";
			};
			name = Debug;
		};
		AC1485F623F47E3A00C89923 /* Release */ = {
			isa = XCBuildConfiguration;
			buildSettings = {
				CLANG_ENABLE_MODULES = YES;
				CODE_SIGN_STYLE = Automatic;
				DEFINES_MODULE = YES;
				DEVELOPMENT_TEAM = MQ4Z795YVF;
				DYLIB_COMPATIBILITY_VERSION = 1;
				DYLIB_CURRENT_VERSION = 1;
				DYLIB_INSTALL_NAME_BASE = "@rpath";
				INFOPLIST_FILE = FruitKit/Info.plist;
				INSTALL_PATH = "$(LOCAL_LIBRARY_DIR)/Frameworks";
				LD_RUNPATH_SEARCH_PATHS = (
					"$(inherited)",
					"@executable_path/Frameworks",
					"@loader_path/Frameworks",
				);
				PRODUCT_BUNDLE_IDENTIFIER = rufus.programmer.FruitKit;
				PRODUCT_NAME = "$(TARGET_NAME:c99extidentifier)";
				SKIP_INSTALL = YES;
				SWIFT_VERSION = 5.0;
				TARGETED_DEVICE_FAMILY = "1,2";
			};
			name = Release;
		};
		AC1485F823F47E3A00C89923 /* Debug */ = {
			isa = XCBuildConfiguration;
			buildSettings = {
				ALWAYS_EMBED_SWIFT_STANDARD_LIBRARIES = YES;
				CLANG_ENABLE_MODULES = YES;
				CODE_SIGN_STYLE = Automatic;
				DEVELOPMENT_TEAM = MQ4Z795YVF;
				INFOPLIST_FILE = FruitKitTests/Info.plist;
				LD_RUNPATH_SEARCH_PATHS = (
					"$(inherited)",
					"@executable_path/Frameworks",
					"@loader_path/Frameworks",
				);
				PRODUCT_BUNDLE_IDENTIFIER = rufus.programmer.FruitKitTests;
				PRODUCT_NAME = "$(TARGET_NAME)";
				SWIFT_OPTIMIZATION_LEVEL = "-Onone";
				SWIFT_VERSION = 5.0;
				TARGETED_DEVICE_FAMILY = "1,2";
			};
			name = Debug;
		};
		AC1485F923F47E3A00C89923 /* Release */ = {
			isa = XCBuildConfiguration;
			buildSettings = {
				ALWAYS_EMBED_SWIFT_STANDARD_LIBRARIES = YES;
				CLANG_ENABLE_MODULES = YES;
				CODE_SIGN_STYLE = Automatic;
				DEVELOPMENT_TEAM = MQ4Z795YVF;
				INFOPLIST_FILE = FruitKitTests/Info.plist;
				LD_RUNPATH_SEARCH_PATHS = (
					"$(inherited)",
					"@executable_path/Frameworks",
					"@loader_path/Frameworks",
				);
				PRODUCT_BUNDLE_IDENTIFIER = rufus.programmer.FruitKitTests;
				PRODUCT_NAME = "$(TARGET_NAME)";
				SWIFT_VERSION = 5.0;
				TARGETED_DEVICE_FAMILY = "1,2";
			};
			name = Release;
		};
/* End XCBuildConfiguration section */

/* Begin XCConfigurationList section */
		AC1485DA23F47E3A00C89923 /* Build configuration list for PBXProject "FruitKit" */ = {
			isa = XCConfigurationList;
			buildConfigurations = (
				AC1485F223F47E3A00C89923 /* Debug */,
				AC1485F323F47E3A00C89923 /* Release */,
			);
			defaultConfigurationIsVisible = 0;
			defaultConfigurationName = Release;
		};
		AC1485F423F47E3A00C89923 /* Build configuration list for PBXNativeTarget "FruitKit" */ = {
			isa = XCConfigurationList;
			buildConfigurations = (
				AC1485F523F47E3A00C89923 /* Debug */,
				AC1485F623F47E3A00C89923 /* Release */,
			);
			defaultConfigurationIsVisible = 0;
			defaultConfigurationName = Release;
		};
		AC1485F723F47E3A00C89923 /* Build configuration list for PBXNativeTarget "FruitKitTests" */ = {
			isa = XCConfigurationList;
			buildConfigurations = (
				AC1485F823F47E3A00C89923 /* Debug */,
				AC1485F923F47E3A00C89923 /* Release */,
			);
			defaultConfigurationIsVisible = 0;
			defaultConfigurationName = Release;
		};
/* End XCConfigurationList section */
	};
	rootObject = AC1485D723F47E3A00C89923 /* Project object */;
}
